
Microsoft Visual Studio Solution File, Format Version 12.00
# Visual Studio Version 17
VisualStudioVersion = 17.9.34622.214
MinimumVisualStudioVersion = 10.0.40219.1
Project("{9A19103F-16F7-4668-BE54-9A1E7A4F7556}") = "DoctorAppointmentSystem.WebUI", "DoctorAppointmentSystem.WebUI\DoctorAppointmentSystem.WebUI.csproj", "{2EA9E1A3-EB4E-419E-ABEE-7FE4BA6107C9}"
EndProject
Project("{9A19103F-16F7-4668-BE54-9A1E7A4F7556}") = "DoctorAppointmentSystem.Entity", "DoctorAppointmentSystem.Entity\DoctorAppointmentSystem.Entity.csproj", "{B45CB4FC-F029-4274-9608-7FD6A2D650B5}"
EndProject
Project("{9A19103F-16F7-4668-BE54-9A1E7A4F7556}") = "DoctorAppointmentSystem.Data", "DoctorAppointmentSystem.Data\DoctorAppointmentSystem.Data.csproj", "{57018379-519A-408B-9389-E24EF59CEE7B}"
EndProject
Global
	GlobalSection(SolutionConfigurationPlatforms) = preSolution
		Debug|Any CPU = Debug|Any CPU
		Release|Any CPU = Release|Any CPU
	EndGlobalSection
	GlobalSection(ProjectConfigurationPlatforms) = postSolution
		{2EA9E1A3-EB4E-419E-ABEE-7FE4BA6107C9}.Debug|Any CPU.ActiveCfg = Debug|Any CPU
		{2EA9E1A3-EB4E-419E-ABEE-7FE4BA6107C9}.Debug|Any CPU.Build.0 = Debug|Any CPU
		{2EA9E1A3-EB4E-419E-ABEE-7FE4BA6107C9}.Release|Any CPU.ActiveCfg = Release|Any CPU
		{2EA9E1A3-EB4E-419E-ABEE-7FE4BA6107C9}.Release|Any CPU.Build.0 = Release|Any CPU
		{B45CB4FC-F029-4274-9608-7FD6A2D650B5}.Debug|Any CPU.ActiveCfg = Debug|Any CPU
		{B45CB4FC-F029-4274-9608-7FD6A2D650B5}.Debug|Any CPU.Build.0 = Debug|Any CPU
		{B45CB4FC-F029-4274-9608-7FD6A2D650B5}.Release|Any CPU.ActiveCfg = Release|Any CPU
		{B45CB4FC-F029-4274-9608-7FD6A2D650B5}.Release|Any CPU.Build.0 = Release|Any CPU
		{57018379-519A-408B-9389-E24EF59CEE7B}.Debug|Any CPU.ActiveCfg = Debug|Any CPU
		{57018379-519A-408B-9389-E24EF59CEE7B}.Debug|Any CPU.Build.0 = Debug|Any CPU
		{57018379-519A-408B-9389-E24EF59CEE7B}.Release|Any CPU.ActiveCfg = Release|Any CPU
		{57018379-519A-408B-9389-E24EF59CEE7B}.Release|Any CPU.Build.0 = Release|Any CPU
	EndGlobalSection
	GlobalSection(SolutionProperties) = preSolution
		HideSolutionNode = FALSE
	EndGlobalSection
	GlobalSection(ExtensibilityGlobals) = postSolution
		SolutionGuid = {8D302116-48BD-41D6-8047-25D98597FB6F}
	EndGlobalSection
EndGlobal
